
Microsoft Visual Studio Solution File, Format Version 12.00
# Visual Studio 15
VisualStudioVersion = 15.0.27428.2002
MinimumVisualStudioVersion = 10.0.40219.1
Project("{159641D6-6404-4A2A-AE62-294DE0FE8301}") = "SSIS_StagingJDE", "StagingJDE\SSIS_StagingJDE.dtproj", "{173B3BF5-D8C5-4E1F-AEFB-463EF69ED8B7}"
EndProject
Global
	GlobalSection(SolutionConfigurationPlatforms) = preSolution
		Development|Default = Development|Default
	EndGlobalSection
	GlobalSection(ProjectConfigurationPlatforms) = postSolution
		{173B3BF5-D8C5-4E1F-AEFB-463EF69ED8B7}.Development|Default.ActiveCfg = Development
		{173B3BF5-D8C5-4E1F-AEFB-463EF69ED8B7}.Development|Default.Build.0 = Development
	EndGlobalSection
	GlobalSection(SolutionProperties) = preSolution
		HideSolutionNode = FALSE
	EndGlobalSection
	GlobalSection(ExtensibilityGlobals) = postSolution
		SolutionGuid = {A65F1B97-CBA7-42A0-8757-9768B3B0DF75}
	EndGlobalSection
EndGlobal
